
Microsoft Visual Studio Solution File, Format Version 12.00
# Visual Studio 15
VisualStudioVersion = 15.0.28307.168
MinimumVisualStudioVersion = 10.0.40219.1
Project("{9A19103F-16F7-4668-BE54-9A1E7A4F7556}") = "Courses.Domain", "Courses.Domain\Courses.Domain.csproj", "{2E985CA7-29B6-4D70-A058-8DA04E016AF6}"
EndProject
Project("{9A19103F-16F7-4668-BE54-9A1E7A4F7556}") = "Courses.Application", "Courses.Application\Courses.Application.csproj", "{815946FF-4FC8-4C1F-9978-87E0A27B0B2F}"
EndProject
Project("{9A19103F-16F7-4668-BE54-9A1E7A4F7556}") = "Courses.Infrastructure", "Courses.Infrastructure\Courses.Infrastructure.csproj", "{5825FFCA-9CC4-40F7-B109-5E3E97316A5B}"
EndProject
Project("{9A19103F-16F7-4668-BE54-9A1E7A4F7556}") = "Courses.Persistence", "Courses.Persistence\Courses.Persistence.csproj", "{CFF519F9-5ECB-4ADB-A300-B3BC683B4E3A}"
EndProject
Project("{9A19103F-16F7-4668-BE54-9A1E7A4F7556}") = "Courses.Tests", "Courses.Tests\Courses.Tests.csproj", "{430FE5A4-2703-48E6-8621-52757259E174}"
EndProject
Project("{9A19103F-16F7-4668-BE54-9A1E7A4F7556}") = "Courses.WebApi", "Courses.WebApi\Courses.WebApi.csproj", "{03802B4E-2365-4185-9B59-1501FCC29FDF}"
EndProject
Project("{9A19103F-16F7-4668-BE54-9A1E7A4F7556}") = "Courses.Emails", "Courses.Emails\Courses.Emails.csproj", "{BC4EC728-37D7-4CF8-BF7D-FF24A48440E3}"
EndProject
Global
	GlobalSection(SolutionConfigurationPlatforms) = preSolution
		Debug|Any CPU = Debug|Any CPU
		Release|Any CPU = Release|Any CPU
	EndGlobalSection
	GlobalSection(ProjectConfigurationPlatforms) = postSolution
		{2E985CA7-29B6-4D70-A058-8DA04E016AF6}.Debug|Any CPU.ActiveCfg = Debug|Any CPU
		{2E985CA7-29B6-4D70-A058-8DA04E016AF6}.Debug|Any CPU.Build.0 = Debug|Any CPU
		{2E985CA7-29B6-4D70-A058-8DA04E016AF6}.Release|Any CPU.ActiveCfg = Release|Any CPU
		{2E985CA7-29B6-4D70-A058-8DA04E016AF6}.Release|Any CPU.Build.0 = Release|Any CPU
		{815946FF-4FC8-4C1F-9978-87E0A27B0B2F}.Debug|Any CPU.ActiveCfg = Debug|Any CPU
		{815946FF-4FC8-4C1F-9978-87E0A27B0B2F}.Debug|Any CPU.Build.0 = Debug|Any CPU
		{815946FF-4FC8-4C1F-9978-87E0A27B0B2F}.Release|Any CPU.ActiveCfg = Release|Any CPU
		{815946FF-4FC8-4C1F-9978-87E0A27B0B2F}.Release|Any CPU.Build.0 = Release|Any CPU
		{5825FFCA-9CC4-40F7-B109-5E3E97316A5B}.Debug|Any CPU.ActiveCfg = Debug|Any CPU
		{5825FFCA-9CC4-40F7-B109-5E3E97316A5B}.Debug|Any CPU.Build.0 = Debug|Any CPU
		{5825FFCA-9CC4-40F7-B109-5E3E97316A5B}.Release|Any CPU.ActiveCfg = Release|Any CPU
		{5825FFCA-9CC4-40F7-B109-5E3E97316A5B}.Release|Any CPU.Build.0 = Release|Any CPU
		{CFF519F9-5ECB-4ADB-A300-B3BC683B4E3A}.Debug|Any CPU.ActiveCfg = Debug|Any CPU
		{CFF519F9-5ECB-4ADB-A300-B3BC683B4E3A}.Debug|Any CPU.Build.0 = Debug|Any CPU
		{CFF519F9-5ECB-4ADB-A300-B3BC683B4E3A}.Release|Any CPU.ActiveCfg = Release|Any CPU
		{CFF519F9-5ECB-4ADB-A300-B3BC683B4E3A}.Release|Any CPU.Build.0 = Release|Any CPU
		{430FE5A4-2703-48E6-8621-52757259E174}.Debug|Any CPU.ActiveCfg = Debug|Any CPU
		{430FE5A4-2703-48E6-8621-52757259E174}.Debug|Any CPU.Build.0 = Debug|Any CPU
		{430FE5A4-2703-48E6-8621-52757259E174}.Release|Any CPU.ActiveCfg = Release|Any CPU
		{430FE5A4-2703-48E6-8621-52757259E174}.Release|Any CPU.Build.0 = Release|Any CPU
		{03802B4E-2365-4185-9B59-1501FCC29FDF}.Debug|Any CPU.ActiveCfg = Debug|Any CPU
		{03802B4E-2365-4185-9B59-1501FCC29FDF}.Debug|Any CPU.Build.0 = Debug|Any CPU
		{03802B4E-2365-4185-9B59-1501FCC29FDF}.Release|Any CPU.ActiveCfg = Release|Any CPU
		{03802B4E-2365-4185-9B59-1501FCC29FDF}.Release|Any CPU.Build.0 = Release|Any CPU
		{BC4EC728-37D7-4CF8-BF7D-FF24A48440E3}.Debug|Any CPU.ActiveCfg = Debug|Any CPU
		{BC4EC728-37D7-4CF8-BF7D-FF24A48440E3}.Debug|Any CPU.Build.0 = Debug|Any CPU
		{BC4EC728-37D7-4CF8-BF7D-FF24A48440E3}.Release|Any CPU.ActiveCfg = Release|Any CPU
		{BC4EC728-37D7-4CF8-BF7D-FF24A48440E3}.Release|Any CPU.Build.0 = Release|Any CPU
	EndGlobalSection
	GlobalSection(SolutionProperties) = preSolution
		HideSolutionNode = FALSE
	EndGlobalSection
	GlobalSection(ExtensibilityGlobals) = postSolution
		SolutionGuid = {7A358D7B-688D-4522-A404-87E30E200F1D}
	EndGlobalSection
EndGlobal
