
Microsoft Visual Studio Solution File, Format Version 12.00
# Visual Studio 15
VisualStudioVersion = 15.0.28307.168
MinimumVisualStudioVersion = 10.0.40219.1
Project("{FAE04EC0-301F-11D3-BF4B-00C04F79EFBC}") = "OnlineCourses.WebAPI", "OnlineCourses.WebAPI\OnlineCourses.WebAPI.csproj", "{0B8221EB-780B-4287-AD1D-5C3F3C7CE614}"
EndProject
Project("{FAE04EC0-301F-11D3-BF4B-00C04F79EFBC}") = "OnlineCourses.Application", "OnlineCourses.Application\OnlineCourses.Application.csproj", "{75D57374-12AD-49AA-92C6-BC5C23D63AA7}"
EndProject
Global
	GlobalSection(SolutionConfigurationPlatforms) = preSolution
		Debug|Any CPU = Debug|Any CPU
		Release|Any CPU = Release|Any CPU
	EndGlobalSection
	GlobalSection(ProjectConfigurationPlatforms) = postSolution
		{0B8221EB-780B-4287-AD1D-5C3F3C7CE614}.Debug|Any CPU.ActiveCfg = Debug|Any CPU
		{0B8221EB-780B-4287-AD1D-5C3F3C7CE614}.Debug|Any CPU.Build.0 = Debug|Any CPU
		{0B8221EB-780B-4287-AD1D-5C3F3C7CE614}.Release|Any CPU.ActiveCfg = Release|Any CPU
		{0B8221EB-780B-4287-AD1D-5C3F3C7CE614}.Release|Any CPU.Build.0 = Release|Any CPU
		{75D57374-12AD-49AA-92C6-BC5C23D63AA7}.Debug|Any CPU.ActiveCfg = Debug|Any CPU
		{75D57374-12AD-49AA-92C6-BC5C23D63AA7}.Debug|Any CPU.Build.0 = Debug|Any CPU
		{75D57374-12AD-49AA-92C6-BC5C23D63AA7}.Release|Any CPU.ActiveCfg = Release|Any CPU
		{75D57374-12AD-49AA-92C6-BC5C23D63AA7}.Release|Any CPU.Build.0 = Release|Any CPU
	EndGlobalSection
	GlobalSection(SolutionProperties) = preSolution
		HideSolutionNode = FALSE
	EndGlobalSection
	GlobalSection(ExtensibilityGlobals) = postSolution
		SolutionGuid = {7A358D7B-688D-4522-A404-87E30E200F1D}
	EndGlobalSection
EndGlobal
